
Microsoft Visual Studio Solution File, Format Version 12.00
# Visual Studio 14
VisualStudioVersion = 14.0.25123.0
MinimumVisualStudioVersion = 10.0.40219.1
Project("{FAE04EC0-301F-11D3-BF4B-00C04F79EFBC}") = "QuoteCreator", "QuoteCreator\QuoteCreator.csproj", "{ECFAF2A5-9FC8-495F-A302-C92326589038}"
EndProject
Global
	GlobalSection(SolutionConfigurationPlatforms) = preSolution
		Debug|Any CPU = Debug|Any CPU
		Release|Any CPU = Release|Any CPU
	EndGlobalSection
	GlobalSection(ProjectConfigurationPlatforms) = postSolution
		{ECFAF2A5-9FC8-495F-A302-C92326589038}.Debug|Any CPU.ActiveCfg = Debug|Any CPU
		{ECFAF2A5-9FC8-495F-A302-C92326589038}.Debug|Any CPU.Build.0 = Debug|Any CPU
		{ECFAF2A5-9FC8-495F-A302-C92326589038}.Release|Any CPU.ActiveCfg = Release|Any CPU
		{ECFAF2A5-9FC8-495F-A302-C92326589038}.Release|Any CPU.Build.0 = Release|Any CPU
	EndGlobalSection
	GlobalSection(SolutionProperties) = preSolution
		HideSolutionNode = FALSE
	EndGlobalSection
EndGlobal
